
Microsoft Visual Studio Solution File, Format Version 12.00
# Visual Studio Version 17
VisualStudioVersion = 17.5.002.0
MinimumVisualStudioVersion = 10.0.40219.1
Project("{9A19103F-16F7-4668-BE54-9A1E7A4F7556}") = "TmTracker", "TmTracker\TmTracker.csproj", "{E8898022-5FEE-4282-BD91-3FE713014725}"
EndProject
Global
	GlobalSection(SolutionConfigurationPlatforms) = preSolution
		Debug|Any CPU = Debug|Any CPU
		Release|Any CPU = Release|Any CPU
	EndGlobalSection
	GlobalSection(ProjectConfigurationPlatforms) = postSolution
		{E8898022-5FEE-4282-BD91-3FE713014725}.Debug|Any CPU.ActiveCfg = Debug|Any CPU
		{E8898022-5FEE-4282-BD91-3FE713014725}.Debug|Any CPU.Build.0 = Debug|Any CPU
		{E8898022-5FEE-4282-BD91-3FE713014725}.Release|Any CPU.ActiveCfg = Release|Any CPU
		{E8898022-5FEE-4282-BD91-3FE713014725}.Release|Any CPU.Build.0 = Release|Any CPU
	EndGlobalSection
	GlobalSection(SolutionProperties) = preSolution
		HideSolutionNode = FALSE
	EndGlobalSection
	GlobalSection(ExtensibilityGlobals) = postSolution
		SolutionGuid = {7F7B5147-0030-4ED3-81B4-FADF29151230}
	EndGlobalSection
EndGlobal
